
Microsoft Visual Studio Solution File, Format Version 12.00
# Visual Studio Version 17
VisualStudioVersion = 17.8.34601.278
MinimumVisualStudioVersion = 10.0.40219.1
Project("{FAE04EC0-301F-11D3-BF4B-00C04F79EFBC}") = "ClassWorkConsoleApp", "ClassWorkConsoleApp\ClassWorkConsoleApp.csproj", "{EAC53802-AE79-4958-A81C-0757814BAB25}"
EndProject
Global
	GlobalSection(SolutionConfigurationPlatforms) = preSolution
		Debug|Any CPU = Debug|Any CPU
		Release|Any CPU = Release|Any CPU
	EndGlobalSection
	GlobalSection(ProjectConfigurationPlatforms) = postSolution
		{EAC53802-AE79-4958-A81C-0757814BAB25}.Debug|Any CPU.ActiveCfg = Debug|Any CPU
		{EAC53802-AE79-4958-A81C-0757814BAB25}.Debug|Any CPU.Build.0 = Debug|Any CPU
		{EAC53802-AE79-4958-A81C-0757814BAB25}.Release|Any CPU.ActiveCfg = Release|Any CPU
		{EAC53802-AE79-4958-A81C-0757814BAB25}.Release|Any CPU.Build.0 = Release|Any CPU
	EndGlobalSection
	GlobalSection(SolutionProperties) = preSolution
		HideSolutionNode = FALSE
	EndGlobalSection
	GlobalSection(ExtensibilityGlobals) = postSolution
		SolutionGuid = {E1CB2CA1-80BE-4473-9C4D-A04FDE614325}
	EndGlobalSection
EndGlobal
